
Microsoft Visual Studio Solution File, Format Version 12.00
# Visual Studio 15
VisualStudioVersion = 15.0.36217.24
MinimumVisualStudioVersion = 10.0.40219.1
Project("{FAE04EC0-301F-11D3-BF4B-00C04F79EFBC}") = "winok", "winok\winok.csproj", "{DC30D33E-F54C-49C2-B94C-5A49051EB9B9}"
EndProject
Global
	GlobalSection(SolutionConfigurationPlatforms) = preSolution
		Debug|Any CPU = Debug|Any CPU
		Release|Any CPU = Release|Any CPU
	EndGlobalSection
	GlobalSection(ProjectConfigurationPlatforms) = postSolution
		{DC30D33E-F54C-49C2-B94C-5A49051EB9B9}.Debug|Any CPU.ActiveCfg = Debug|Any CPU
		{DC30D33E-F54C-49C2-B94C-5A49051EB9B9}.Debug|Any CPU.Build.0 = Debug|Any CPU
		{DC30D33E-F54C-49C2-B94C-5A49051EB9B9}.Release|Any CPU.ActiveCfg = Release|Any CPU
		{DC30D33E-F54C-49C2-B94C-5A49051EB9B9}.Release|Any CPU.Build.0 = Release|Any CPU
	EndGlobalSection
	GlobalSection(SolutionProperties) = preSolution
		HideSolutionNode = FALSE
	EndGlobalSection
	GlobalSection(ExtensibilityGlobals) = postSolution
		SolutionGuid = {DEBD0163-2522-40F8-B79B-694AC597A3A0}
	EndGlobalSection
EndGlobal
